
Microsoft Visual Studio Solution File, Format Version 12.00
# Visual Studio Version 17
VisualStudioVersion = 17.9.34728.123
MinimumVisualStudioVersion = 10.0.40219.1
Project("{8BC9CEB8-8B4A-11D0-8D11-00A0C91BC942}") = "6：反转字符串中的单词Ⅲ", "6：反转字符串中的单词Ⅲ\6：反转字符串中的单词Ⅲ.vcxproj", "{816A89D1-F4A4-4A5F-9E21-4BC26102ED04}"
EndProject
Global
	GlobalSection(SolutionConfigurationPlatforms) = preSolution
		Debug|x64 = Debug|x64
		Debug|x86 = Debug|x86
		Release|x64 = Release|x64
		Release|x86 = Release|x86
	EndGlobalSection
	GlobalSection(ProjectConfigurationPlatforms) = postSolution
		{816A89D1-F4A4-4A5F-9E21-4BC26102ED04}.Debug|x64.ActiveCfg = Debug|x64
		{816A89D1-F4A4-4A5F-9E21-4BC26102ED04}.Debug|x64.Build.0 = Debug|x64
		{816A89D1-F4A4-4A5F-9E21-4BC26102ED04}.Debug|x86.ActiveCfg = Debug|Win32
		{816A89D1-F4A4-4A5F-9E21-4BC26102ED04}.Debug|x86.Build.0 = Debug|Win32
		{816A89D1-F4A4-4A5F-9E21-4BC26102ED04}.Release|x64.ActiveCfg = Release|x64
		{816A89D1-F4A4-4A5F-9E21-4BC26102ED04}.Release|x64.Build.0 = Release|x64
		{816A89D1-F4A4-4A5F-9E21-4BC26102ED04}.Release|x86.ActiveCfg = Release|Win32
		{816A89D1-F4A4-4A5F-9E21-4BC26102ED04}.Release|x86.Build.0 = Release|Win32
	EndGlobalSection
	GlobalSection(SolutionProperties) = preSolution
		HideSolutionNode = FALSE
	EndGlobalSection
	GlobalSection(ExtensibilityGlobals) = postSolution
		SolutionGuid = {954AFD63-C48F-43CB-8E6E-C0CDD737AD4A}
	EndGlobalSection
EndGlobal
